// !$*UTF8*$!
{
	archiveVersion = 1;
	classes = {
	};
	objectVersion = 56;
	objects = {

/* Begin PBXBuildFile section */
		630110CE29B98DD00063F7BB /* EditView.swift in Sources */ = {isa = PBXBuildFile; fileRef = 630110CD29B98DD00063F7BB /* EditView.swift */; };
		630110D129B98E350063F7BB /* FormView.swift in Sources */ = {isa = PBXBuildFile; fileRef = 630110D029B98E350063F7BB /* FormView.swift */; };
		630110D329B9D5700063F7BB /* Prepare.swift in Sources */ = {isa = PBXBuildFile; fileRef = 630110D229B9D5700063F7BB /* Prepare.swift */; };
		630110D529BAB5F40063F7BB /* Countdown.swift in Sources */ = {isa = PBXBuildFile; fileRef = 630110D429BAB5F40063F7BB /* Countdown.swift */; };
		630110D929BACE250063F7BB /* SummaryView.swift in Sources */ = {isa = PBXBuildFile; fileRef = 630110D829BACE250063F7BB /* SummaryView.swift */; };
		630110DB29BAFBD80063F7BB /* SetDetailView.swift in Sources */ = {isa = PBXBuildFile; fileRef = 630110DA29BAFBD80063F7BB /* SetDetailView.swift */; };
		63204D8929B2CAA500D60018 /* VBTwatchApp.swift in Sources */ = {isa = PBXBuildFile; fileRef = 63204D8829B2CAA500D60018 /* VBTwatchApp.swift */; };
		63204D8B29B2CAA500D60018 /* ContentView.swift in Sources */ = {isa = PBXBuildFile; fileRef = 63204D8A29B2CAA500D60018 /* ContentView.swift */; };
		63204D8D29B2CAA600D60018 /* Assets.xcassets in Resources */ = {isa = PBXBuildFile; fileRef = 63204D8C29B2CAA600D60018 /* Assets.xcassets */; };
		63204D9029B2CAA600D60018 /* Preview Assets.xcassets in Resources */ = {isa = PBXBuildFile; fileRef = 63204D8F29B2CAA600D60018 /* Preview Assets.xcassets */; };
		63204D9629B2CAA600D60018 /* VBTwatch Watch App.app in Embed Watch Content */ = {isa = PBXBuildFile; fileRef = 63204D9529B2CAA600D60018 /* VBTwatch Watch App.app */; settings = {ATTRIBUTES = (RemoveHeadersOnCopy, ); }; };
		63204D9B29B2CAA600D60018 /* VBTwatchApp.swift in Sources */ = {isa = PBXBuildFile; fileRef = 63204D9A29B2CAA600D60018 /* VBTwatchApp.swift */; };
		63204D9D29B2CAA600D60018 /* ContentView.swift in Sources */ = {isa = PBXBuildFile; fileRef = 63204D9C29B2CAA600D60018 /* ContentView.swift */; };
		63204D9F29B2CAA600D60018 /* Assets.xcassets in Resources */ = {isa = PBXBuildFile; fileRef = 63204D9E29B2CAA600D60018 /* Assets.xcassets */; };
		63204DA229B2CAA600D60018 /* Preview Assets.xcassets in Resources */ = {isa = PBXBuildFile; fileRef = 63204DA129B2CAA600D60018 /* Preview Assets.xcassets */; };
		63204DAD29B2CAED00D60018 /* ActivityClassifier.swift in Sources */ = {isa = PBXBuildFile; fileRef = 63204DAC29B2CAED00D60018 /* ActivityClassifier.swift */; };
		63204DAF29B2DB4800D60018 /* ExtendedRunTime.swift in Sources */ = {isa = PBXBuildFile; fileRef = 63204DAE29B2DB4800D60018 /* ExtendedRunTime.swift */; };
		63204DB329B2DDB200D60018 /* BenchPressClassifier.mlmodel in Sources */ = {isa = PBXBuildFile; fileRef = 63204DB229B2DDB200D60018 /* BenchPressClassifier.mlmodel */; };
		63204DB629B42B6C00D60018 /* VelocityMeasurement.swift in Sources */ = {isa = PBXBuildFile; fileRef = 63204DB529B42B6C00D60018 /* VelocityMeasurement.swift */; };
		63204DBB29B71DBC00D60018 /* HomeView.swift in Sources */ = {isa = PBXBuildFile; fileRef = 63204DBA29B71DBC00D60018 /* HomeView.swift */; };
		63204DBD29B72FEC00D60018 /* CardView.swift in Sources */ = {isa = PBXBuildFile; fileRef = 63204DBC29B72FEC00D60018 /* CardView.swift */; };
		63204DBF29B7693100D60018 /* Objective.swift in Sources */ = {isa = PBXBuildFile; fileRef = 63204DBE29B7693100D60018 /* Objective.swift */; };
		63204DC129B80DEE00D60018 /* ExplanationView.swift in Sources */ = {isa = PBXBuildFile; fileRef = 63204DC029B80DEE00D60018 /* ExplanationView.swift */; };
		637AFA5F29B98A0C00FF7CDD /* TrainingData.swift in Sources */ = {isa = PBXBuildFile; fileRef = 637AFA5E29B98A0C00FF7CDD /* TrainingData.swift */; };
		FE436A0129BB164E00EDB139 /* ButtonView.swift in Sources */ = {isa = PBXBuildFile; fileRef = FE436A0029BB164E00EDB139 /* ButtonView.swift */; };
		FEA9C97C29B9BBCF004D442D /* TrainingView.swift in Sources */ = {isa = PBXBuildFile; fileRef = FEA9C97B29B9BBCF004D442D /* TrainingView.swift */; };
/* End PBXBuildFile section */

/* Begin PBXContainerItemProxy section */
		63204D9729B2CAA600D60018 /* PBXContainerItemProxy */ = {
			isa = PBXContainerItemProxy;
			containerPortal = 63204D7D29B2CAA500D60018 /* Project object */;
			proxyType = 1;
			remoteGlobalIDString = 63204D9429B2CAA600D60018;
			remoteInfo = "VBTwatch Watch App";
		};
/* End PBXContainerItemProxy section */

/* Begin PBXCopyFilesBuildPhase section */
		63204DA829B2CAA600D60018 /* Embed Watch Content */ = {
			isa = PBXCopyFilesBuildPhase;
			buildActionMask = 2147483647;
			dstPath = "$(CONTENTS_FOLDER_PATH)/Watch";
			dstSubfolderSpec = 16;
			files = (
				63204D9629B2CAA600D60018 /* VBTwatch Watch App.app in Embed Watch Content */,
			);
			name = "Embed Watch Content";
			runOnlyForDeploymentPostprocessing = 0;
		};
/* End PBXCopyFilesBuildPhase section */

/* Begin PBXFileReference section */
		630110CD29B98DD00063F7BB /* EditView.swift */ = {isa = PBXFileReference; fileEncoding = 4; lastKnownFileType = sourcecode.swift; path = EditView.swift; sourceTree = "<group>"; };
		630110D029B98E350063F7BB /* FormView.swift */ = {isa = PBXFileReference; lastKnownFileType = sourcecode.swift; path = FormView.swift; sourceTree = "<group>"; };
		630110D229B9D5700063F7BB /* Prepare.swift */ = {isa = PBXFileReference; lastKnownFileType = sourcecode.swift; path = Prepare.swift; sourceTree = "<group>"; };
		630110D429BAB5F40063F7BB /* Countdown.swift */ = {isa = PBXFileReference; lastKnownFileType = sourcecode.swift; path = Countdown.swift; sourceTree = "<group>"; };
		630110D829BACE250063F7BB /* SummaryView.swift */ = {isa = PBXFileReference; lastKnownFileType = sourcecode.swift; path = SummaryView.swift; sourceTree = "<group>"; };
		630110DA29BAFBD80063F7BB /* SetDetailView.swift */ = {isa = PBXFileReference; lastKnownFileType = sourcecode.swift; path = SetDetailView.swift; sourceTree = "<group>"; };
		63204D8529B2CAA500D60018 /* VBTwatch.app */ = {isa = PBXFileReference; explicitFileType = wrapper.application; includeInIndex = 0; path = VBTwatch.app; sourceTree = BUILT_PRODUCTS_DIR; };
		63204D8829B2CAA500D60018 /* VBTwatchApp.swift */ = {isa = PBXFileReference; lastKnownFileType = sourcecode.swift; path = VBTwatchApp.swift; sourceTree = "<group>"; };
		63204D8A29B2CAA500D60018 /* ContentView.swift */ = {isa = PBXFileReference; lastKnownFileType = sourcecode.swift; path = ContentView.swift; sourceTree = "<group>"; };
		63204D8C29B2CAA600D60018 /* Assets.xcassets */ = {isa = PBXFileReference; lastKnownFileType = folder.assetcatalog; path = Assets.xcassets; sourceTree = "<group>"; };
		63204D8F29B2CAA600D60018 /* Preview Assets.xcassets */ = {isa = PBXFileReference; lastKnownFileType = folder.assetcatalog; path = "Preview Assets.xcassets"; sourceTree = "<group>"; };
		63204D9529B2CAA600D60018 /* VBTwatch Watch App.app */ = {isa = PBXFileReference; explicitFileType = wrapper.application; includeInIndex = 0; path = "VBTwatch Watch App.app"; sourceTree = BUILT_PRODUCTS_DIR; };
		63204D9A29B2CAA600D60018 /* VBTwatchApp.swift */ = {isa = PBXFileReference; lastKnownFileType = sourcecode.swift; path = VBTwatchApp.swift; sourceTree = "<group>"; };
		63204D9C29B2CAA600D60018 /* ContentView.swift */ = {isa = PBXFileReference; lastKnownFileType = sourcecode.swift; path = ContentView.swift; sourceTree = "<group>"; };
		63204D9E29B2CAA600D60018 /* Assets.xcassets */ = {isa = PBXFileReference; lastKnownFileType = folder.assetcatalog; path = Assets.xcassets; sourceTree = "<group>"; };
		63204DA129B2CAA600D60018 /* Preview Assets.xcassets */ = {isa = PBXFileReference; lastKnownFileType = folder.assetcatalog; path = "Preview Assets.xcassets"; sourceTree = "<group>"; };
		63204DAC29B2CAED00D60018 /* ActivityClassifier.swift */ = {isa = PBXFileReference; lastKnownFileType = sourcecode.swift; path = ActivityClassifier.swift; sourceTree = "<group>"; };
		63204DAE29B2DB4800D60018 /* ExtendedRunTime.swift */ = {isa = PBXFileReference; lastKnownFileType = sourcecode.swift; path = ExtendedRunTime.swift; sourceTree = "<group>"; };
		63204DB229B2DDB200D60018 /* BenchPressClassifier.mlmodel */ = {isa = PBXFileReference; lastKnownFileType = file.mlmodel; path = BenchPressClassifier.mlmodel; sourceTree = "<group>"; };
		63204DB429B2E17700D60018 /* VBTwatch-Watch-App-Info.plist */ = {isa = PBXFileReference; lastKnownFileType = text.plist; path = "VBTwatch-Watch-App-Info.plist"; sourceTree = SOURCE_ROOT; };
		63204DB529B42B6C00D60018 /* VelocityMeasurement.swift */ = {isa = PBXFileReference; lastKnownFileType = sourcecode.swift; path = VelocityMeasurement.swift; sourceTree = "<group>"; };
		63204DBA29B71DBC00D60018 /* HomeView.swift */ = {isa = PBXFileReference; lastKnownFileType = sourcecode.swift; path = HomeView.swift; sourceTree = "<group>"; };
		63204DBC29B72FEC00D60018 /* CardView.swift */ = {isa = PBXFileReference; lastKnownFileType = sourcecode.swift; path = CardView.swift; sourceTree = "<group>"; };
		63204DBE29B7693100D60018 /* Objective.swift */ = {isa = PBXFileReference; lastKnownFileType = sourcecode.swift; path = Objective.swift; sourceTree = "<group>"; };
		63204DC029B80DEE00D60018 /* ExplanationView.swift */ = {isa = PBXFileReference; lastKnownFileType = sourcecode.swift; path = ExplanationView.swift; sourceTree = "<group>"; };
		637AFA5E29B98A0C00FF7CDD /* TrainingData.swift */ = {isa = PBXFileReference; fileEncoding = 4; lastKnownFileType = sourcecode.swift; path = TrainingData.swift; sourceTree = "<group>"; };
		FE436A0029BB164E00EDB139 /* ButtonView.swift */ = {isa = PBXFileReference; lastKnownFileType = sourcecode.swift; path = ButtonView.swift; sourceTree = "<group>"; };
		FEA9C97B29B9BBCF004D442D /* TrainingView.swift */ = {isa = PBXFileReference; fileEncoding = 4; lastKnownFileType = sourcecode.swift; path = TrainingView.swift; sourceTree = "<group>"; };
/* End PBXFileReference section */

/* Begin PBXFrameworksBuildPhase section */
		63204D8229B2CAA500D60018 /* Frameworks */ = {
			isa = PBXFrameworksBuildPhase;
			buildActionMask = 2147483647;
			files = (
			);
			runOnlyForDeploymentPostprocessing = 0;
		};
		63204D9229B2CAA600D60018 /* Frameworks */ = {
			isa = PBXFrameworksBuildPhase;
			buildActionMask = 2147483647;
			files = (
			);
			runOnlyForDeploymentPostprocessing = 0;
		};
/* End PBXFrameworksBuildPhase section */

/* Begin PBXGroup section */
		630110CF29B98E140063F7BB /* Component */ = {
			isa = PBXGroup;
			children = (
				63204DBC29B72FEC00D60018 /* CardView.swift */,
				630110D029B98E350063F7BB /* FormView.swift */,
				630110DA29BAFBD80063F7BB /* SetDetailView.swift */,
				FE436A0029BB164E00EDB139 /* ButtonView.swift */,
			);
			path = Component;
			sourceTree = "<group>";
		};
		63204D7C29B2CAA500D60018 = {
			isa = PBXGroup;
			children = (
				63204D8729B2CAA500D60018 /* VBTwatch */,
				63204D9929B2CAA600D60018 /* VBTwatch Watch App */,
				63204D8629B2CAA500D60018 /* Products */,
			);
			sourceTree = "<group>";
		};
		63204D8629B2CAA500D60018 /* Products */ = {
			isa = PBXGroup;
			children = (
				63204D8529B2CAA500D60018 /* VBTwatch.app */,
				63204D9529B2CAA600D60018 /* VBTwatch Watch App.app */,
			);
			name = Products;
			sourceTree = "<group>";
		};
		63204D8729B2CAA500D60018 /* VBTwatch */ = {
			isa = PBXGroup;
			children = (
				63204D8829B2CAA500D60018 /* VBTwatchApp.swift */,
				63204D8A29B2CAA500D60018 /* ContentView.swift */,
				63204D8C29B2CAA600D60018 /* Assets.xcassets */,
				63204D8E29B2CAA600D60018 /* Preview Content */,
			);
			path = VBTwatch;
			sourceTree = "<group>";
		};
		63204D8E29B2CAA600D60018 /* Preview Content */ = {
			isa = PBXGroup;
			children = (
				63204D8F29B2CAA600D60018 /* Preview Assets.xcassets */,
			);
			path = "Preview Content";
			sourceTree = "<group>";
		};
		63204D9929B2CAA600D60018 /* VBTwatch Watch App */ = {
			isa = PBXGroup;
			children = (
				63204DB429B2E17700D60018 /* VBTwatch-Watch-App-Info.plist */,
				63204D9A29B2CAA600D60018 /* VBTwatchApp.swift */,
				63204DB729B71D7500D60018 /* Model */,
				63204DB929B71D8900D60018 /* View */,
				63204DB229B2DDB200D60018 /* BenchPressClassifier.mlmodel */,
				63204D9E29B2CAA600D60018 /* Assets.xcassets */,
				63204DA029B2CAA600D60018 /* Preview Content */,
			);
			path = "VBTwatch Watch App";
			sourceTree = "<group>";
		};
		63204DA029B2CAA600D60018 /* Preview Content */ = {
			isa = PBXGroup;
			children = (
				63204DA129B2CAA600D60018 /* Preview Assets.xcassets */,
			);
			path = "Preview Content";
			sourceTree = "<group>";
		};
		63204DB729B71D7500D60018 /* Model */ = {
			isa = PBXGroup;
			children = (
				63204DAE29B2DB4800D60018 /* ExtendedRunTime.swift */,
				63204DB529B42B6C00D60018 /* VelocityMeasurement.swift */,
				63204DAC29B2CAED00D60018 /* ActivityClassifier.swift */,
				63204DBE29B7693100D60018 /* Objective.swift */,
				637AFA5E29B98A0C00FF7CDD /* TrainingData.swift */,
				630110D429BAB5F40063F7BB /* Countdown.swift */,
			);
			path = Model;
			sourceTree = "<group>";
		};
		63204DB929B71D8900D60018 /* View */ = {
			isa = PBXGroup;
			children = (
				630110CF29B98E140063F7BB /* Component */,
				63204D9C29B2CAA600D60018 /* ContentView.swift */,
				63204DC029B80DEE00D60018 /* ExplanationView.swift */,
				63204DBA29B71DBC00D60018 /* HomeView.swift */,
				630110D829BACE250063F7BB /* SummaryView.swift */,
				630110D229B9D5700063F7BB /* Prepare.swift */,
				630110CD29B98DD00063F7BB /* EditView.swift */,
				FEA9C97B29B9BBCF004D442D /* TrainingView.swift */,
			);
			path = View;
			sourceTree = "<group>";
		};
/* End PBXGroup section */

/* Begin PBXNativeTarget section */
		63204D8429B2CAA500D60018 /* VBTwatch */ = {
			isa = PBXNativeTarget;
			buildConfigurationList = 63204DA929B2CAA600D60018 /* Build configuration list for PBXNativeTarget "VBTwatch" */;
			buildPhases = (
				63204D8129B2CAA500D60018 /* Sources */,
				63204D8229B2CAA500D60018 /* Frameworks */,
				63204D8329B2CAA500D60018 /* Resources */,
				63204DA829B2CAA600D60018 /* Embed Watch Content */,
			);
			buildRules = (
			);
			dependencies = (
				63204D9829B2CAA600D60018 /* PBXTargetDependency */,
			);
			name = VBTwatch;
			productName = VBTwatch;
			productReference = 63204D8529B2CAA500D60018 /* VBTwatch.app */;
			productType = "com.apple.product-type.application";
		};
		63204D9429B2CAA600D60018 /* VBTwatch Watch App */ = {
			isa = PBXNativeTarget;
			buildConfigurationList = 63204DA529B2CAA600D60018 /* Build configuration list for PBXNativeTarget "VBTwatch Watch App" */;
			buildPhases = (
				63204D9129B2CAA600D60018 /* Sources */,
				63204D9229B2CAA600D60018 /* Frameworks */,
				63204D9329B2CAA600D60018 /* Resources */,
			);
			buildRules = (
			);
			dependencies = (
			);
			name = "VBTwatch Watch App";
			productName = "VBTwatch Watch App";
			productReference = 63204D9529B2CAA600D60018 /* VBTwatch Watch App.app */;
			productType = "com.apple.product-type.application";
		};
/* End PBXNativeTarget section */

/* Begin PBXProject section */
		63204D7D29B2CAA500D60018 /* Project object */ = {
			isa = PBXProject;
			attributes = {
				BuildIndependentTargetsInParallel = 1;
				LastSwiftUpdateCheck = 1420;
				LastUpgradeCheck = 1420;
				TargetAttributes = {
					63204D8429B2CAA500D60018 = {
						CreatedOnToolsVersion = 14.2;
					};
					63204D9429B2CAA600D60018 = {
						CreatedOnToolsVersion = 14.2;
					};
				};
			};
			buildConfigurationList = 63204D8029B2CAA500D60018 /* Build configuration list for PBXProject "VBTwatch" */;
			compatibilityVersion = "Xcode 14.0";
			developmentRegion = en;
			hasScannedForEncodings = 0;
			knownRegions = (
				en,
				Base,
			);
			mainGroup = 63204D7C29B2CAA500D60018;
			productRefGroup = 63204D8629B2CAA500D60018 /* Products */;
			projectDirPath = "";
			projectRoot = "";
			targets = (
				63204D8429B2CAA500D60018 /* VBTwatch */,
				63204D9429B2CAA600D60018 /* VBTwatch Watch App */,
			);
		};
/* End PBXProject section */

/* Begin PBXResourcesBuildPhase section */
		63204D8329B2CAA500D60018 /* Resources */ = {
			isa = PBXResourcesBuildPhase;
			buildActionMask = 2147483647;
			files = (
				63204D9029B2CAA600D60018 /* Preview Assets.xcassets in Resources */,
				63204D8D29B2CAA600D60018 /* Assets.xcassets in Resources */,
			);
			runOnlyForDeploymentPostprocessing = 0;
		};
		63204D9329B2CAA600D60018 /* Resources */ = {
			isa = PBXResourcesBuildPhase;
			buildActionMask = 2147483647;
			files = (
				63204DA229B2CAA600D60018 /* Preview Assets.xcassets in Resources */,
				63204D9F29B2CAA600D60018 /* Assets.xcassets in Resources */,
			);
			runOnlyForDeploymentPostprocessing = 0;
		};
/* End PBXResourcesBuildPhase section */

/* Begin PBXSourcesBuildPhase section */
		63204D8129B2CAA500D60018 /* Sources */ = {
			isa = PBXSourcesBuildPhase;
			buildActionMask = 2147483647;
			files = (
				63204D8B29B2CAA500D60018 /* ContentView.swift in Sources */,
				63204D8929B2CAA500D60018 /* VBTwatchApp.swift in Sources */,
			);
			runOnlyForDeploymentPostprocessing = 0;
		};
		63204D9129B2CAA600D60018 /* Sources */ = {
			isa = PBXSourcesBuildPhase;
			buildActionMask = 2147483647;
			files = (
				63204DBF29B7693100D60018 /* Objective.swift in Sources */,
				63204D9D29B2CAA600D60018 /* ContentView.swift in Sources */,
				630110CE29B98DD00063F7BB /* EditView.swift in Sources */,
				630110D529BAB5F40063F7BB /* Countdown.swift in Sources */,
				FE436A0129BB164E00EDB139 /* ButtonView.swift in Sources */,
				63204DBB29B71DBC00D60018 /* HomeView.swift in Sources */,
				630110D929BACE250063F7BB /* SummaryView.swift in Sources */,
				630110DB29BAFBD80063F7BB /* SetDetailView.swift in Sources */,
				63204DAF29B2DB4800D60018 /* ExtendedRunTime.swift in Sources */,
				FEA9C97C29B9BBCF004D442D /* TrainingView.swift in Sources */,
				63204DAD29B2CAED00D60018 /* ActivityClassifier.swift in Sources */,
				637AFA5F29B98A0C00FF7CDD /* TrainingData.swift in Sources */,
				63204DBD29B72FEC00D60018 /* CardView.swift in Sources */,
				63204DB329B2DDB200D60018 /* BenchPressClassifier.mlmodel in Sources */,
				630110D129B98E350063F7BB /* FormView.swift in Sources */,
				63204D9B29B2CAA600D60018 /* VBTwatchApp.swift in Sources */,
				630110D329B9D5700063F7BB /* Prepare.swift in Sources */,
				63204DC129B80DEE00D60018 /* ExplanationView.swift in Sources */,
				63204DB629B42B6C00D60018 /* VelocityMeasurement.swift in Sources */,
			);
			runOnlyForDeploymentPostprocessing = 0;
		};
/* End PBXSourcesBuildPhase section */

/* Begin PBXTargetDependency section */
		63204D9829B2CAA600D60018 /* PBXTargetDependency */ = {
			isa = PBXTargetDependency;
			target = 63204D9429B2CAA600D60018 /* VBTwatch Watch App */;
			targetProxy = 63204D9729B2CAA600D60018 /* PBXContainerItemProxy */;
		};
/* End PBXTargetDependency section */

/* Begin XCBuildConfiguration section */
		63204DA329B2CAA600D60018 /* Debug */ = {
			isa = XCBuildConfiguration;
			buildSettings = {
				ALWAYS_SEARCH_USER_PATHS = NO;
				CLANG_ANALYZER_NONNULL = YES;
				CLANG_ANALYZER_NUMBER_OBJECT_CONVERSION = YES_AGGRESSIVE;
				CLANG_CXX_LANGUAGE_STANDARD = "gnu++20";
				CLANG_ENABLE_MODULES = YES;
				CLANG_ENABLE_OBJC_ARC = YES;
				CLANG_ENABLE_OBJC_WEAK = YES;
				CLANG_WARN_BLOCK_CAPTURE_AUTORELEASING = YES;
				CLANG_WARN_BOOL_CONVERSION = YES;
				CLANG_WARN_COMMA = YES;
				CLANG_WARN_CONSTANT_CONVERSION = YES;
				CLANG_WARN_DEPRECATED_OBJC_IMPLEMENTATIONS = YES;
				CLANG_WARN_DIRECT_OBJC_ISA_USAGE = YES_ERROR;
				CLANG_WARN_DOCUMENTATION_COMMENTS = YES;
				CLANG_WARN_EMPTY_BODY = YES;
				CLANG_WARN_ENUM_CONVERSION = YES;
				CLANG_WARN_INFINITE_RECURSION = YES;
				CLANG_WARN_INT_CONVERSION = YES;
				CLANG_WARN_NON_LITERAL_NULL_CONVERSION = YES;
				CLANG_WARN_OBJC_IMPLICIT_RETAIN_SELF = YES;
				CLANG_WARN_OBJC_LITERAL_CONVERSION = YES;
				CLANG_WARN_OBJC_ROOT_CLASS = YES_ERROR;
				CLANG_WARN_QUOTED_INCLUDE_IN_FRAMEWORK_HEADER = YES;
				CLANG_WARN_RANGE_LOOP_ANALYSIS = YES;
				CLANG_WARN_STRICT_PROTOTYPES = YES;
				CLANG_WARN_SUSPICIOUS_MOVE = YES;
				CLANG_WARN_UNGUARDED_AVAILABILITY = YES_AGGRESSIVE;
				CLANG_WARN_UNREACHABLE_CODE = YES;
				CLANG_WARN__DUPLICATE_METHOD_MATCH = YES;
				COPY_PHASE_STRIP = NO;
				DEBUG_INFORMATION_FORMAT = dwarf;
				ENABLE_STRICT_OBJC_MSGSEND = YES;
				ENABLE_TESTABILITY = YES;
				GCC_C_LANGUAGE_STANDARD = gnu11;
				GCC_DYNAMIC_NO_PIC = NO;
				GCC_NO_COMMON_BLOCKS = YES;
				GCC_OPTIMIZATION_LEVEL = 0;
				GCC_PREPROCESSOR_DEFINITIONS = (
					"DEBUG=1",
					"$(inherited)",
				);
				GCC_WARN_64_TO_32_BIT_CONVERSION = YES;
				GCC_WARN_ABOUT_RETURN_TYPE = YES_ERROR;
				GCC_WARN_UNDECLARED_SELECTOR = YES;
				GCC_WARN_UNINITIALIZED_AUTOS = YES_AGGRESSIVE;
				GCC_WARN_UNUSED_FUNCTION = YES;
				GCC_WARN_UNUSED_VARIABLE = YES;
				MTL_ENABLE_DEBUG_INFO = INCLUDE_SOURCE;
				MTL_FAST_MATH = YES;
				ONLY_ACTIVE_ARCH = YES;
				SWIFT_ACTIVE_COMPILATION_CONDITIONS = DEBUG;
				SWIFT_OPTIMIZATION_LEVEL = "-Onone";
			};
			name = Debug;
		};
		63204DA429B2CAA600D60018 /* Release */ = {
			isa = XCBuildConfiguration;
			buildSettings = {
				ALWAYS_SEARCH_USER_PATHS = NO;
				CLANG_ANALYZER_NONNULL = YES;
				CLANG_ANALYZER_NUMBER_OBJECT_CONVERSION = YES_AGGRESSIVE;
				CLANG_CXX_LANGUAGE_STANDARD = "gnu++20";
				CLANG_ENABLE_MODULES = YES;
				CLANG_ENABLE_OBJC_ARC = YES;
				CLANG_ENABLE_OBJC_WEAK = YES;
				CLANG_WARN_BLOCK_CAPTURE_AUTORELEASING = YES;
				CLANG_WARN_BOOL_CONVERSION = YES;
				CLANG_WARN_COMMA = YES;
				CLANG_WARN_CONSTANT_CONVERSION = YES;
				CLANG_WARN_DEPRECATED_OBJC_IMPLEMENTATIONS = YES;
				CLANG_WARN_DIRECT_OBJC_ISA_USAGE = YES_ERROR;
				CLANG_WARN_DOCUMENTATION_COMMENTS = YES;
				CLANG_WARN_EMPTY_BODY = YES;
				CLANG_WARN_ENUM_CONVERSION = YES;
				CLANG_WARN_INFINITE_RECURSION = YES;
				CLANG_WARN_INT_CONVERSION = YES;
				CLANG_WARN_NON_LITERAL_NULL_CONVERSION = YES;
				CLANG_WARN_OBJC_IMPLICIT_RETAIN_SELF = YES;
				CLANG_WARN_OBJC_LITERAL_CONVERSION = YES;
				CLANG_WARN_OBJC_ROOT_CLASS = YES_ERROR;
				CLANG_WARN_QUOTED_INCLUDE_IN_FRAMEWORK_HEADER = YES;
				CLANG_WARN_RANGE_LOOP_ANALYSIS = YES;
				CLANG_WARN_STRICT_PROTOTYPES = YES;
				CLANG_WARN_SUSPICIOUS_MOVE = YES;
				CLANG_WARN_UNGUARDED_AVAILABILITY = YES_AGGRESSIVE;
				CLANG_WARN_UNREACHABLE_CODE = YES;
				CLANG_WARN__DUPLICATE_METHOD_MATCH = YES;
				COPY_PHASE_STRIP = NO;
				DEBUG_INFORMATION_FORMAT = "dwarf-with-dsym";
				ENABLE_NS_ASSERTIONS = NO;
				ENABLE_STRICT_OBJC_MSGSEND = YES;
				GCC_C_LANGUAGE_STANDARD = gnu11;
				GCC_NO_COMMON_BLOCKS = YES;
				GCC_WARN_64_TO_32_BIT_CONVERSION = YES;
				GCC_WARN_ABOUT_RETURN_TYPE = YES_ERROR;
				GCC_WARN_UNDECLARED_SELECTOR = YES;
				GCC_WARN_UNINITIALIZED_AUTOS = YES_AGGRESSIVE;
				GCC_WARN_UNUSED_FUNCTION = YES;
				GCC_WARN_UNUSED_VARIABLE = YES;
				MTL_ENABLE_DEBUG_INFO = NO;
				MTL_FAST_MATH = YES;
				SWIFT_COMPILATION_MODE = wholemodule;
				SWIFT_OPTIMIZATION_LEVEL = "-O";
			};
			name = Release;
		};
		63204DA629B2CAA600D60018 /* Debug */ = {
			isa = XCBuildConfiguration;
			buildSettings = {
				ASSETCATALOG_COMPILER_APPICON_NAME = AppIcon;
				ASSETCATALOG_COMPILER_GLOBAL_ACCENT_COLOR_NAME = AccentColor;
				CODE_SIGN_STYLE = Automatic;
				CURRENT_PROJECT_VERSION = 1;
				DEVELOPMENT_ASSET_PATHS = "\"VBTwatch Watch App/Preview Content\"";
				DEVELOPMENT_TEAM = H84MQLLKK7;
				ENABLE_PREVIEWS = YES;
				GENERATE_INFOPLIST_FILE = YES;
				INFOPLIST_FILE = "VBTwatch-Watch-App-Info.plist";
				INFOPLIST_KEY_CFBundleDisplayName = VBTwatch;
				INFOPLIST_KEY_UISupportedInterfaceOrientations = "UIInterfaceOrientationPortrait UIInterfaceOrientationPortraitUpsideDown";
				INFOPLIST_KEY_WKCompanionAppBundleIdentifier = jp.noobs.VBTwatch;
				LD_RUNPATH_SEARCH_PATHS = (
					"$(inherited)",
					"@executable_path/Frameworks",
				);
				MARKETING_VERSION = 1.0;
				PRODUCT_BUNDLE_IDENTIFIER = jp.noobs.VBTwatch.watchkitapp;
				PRODUCT_NAME = "$(TARGET_NAME)";
				SDKROOT = watchos;
				SKIP_INSTALL = YES;
				SWIFT_EMIT_LOC_STRINGS = YES;
				SWIFT_VERSION = 5.0;
				TARGETED_DEVICE_FAMILY = 4;
				WATCHOS_DEPLOYMENT_TARGET = 8.7;
			};
			name = Debug;
		};
		63204DA729B2CAA600D60018 /* Release */ = {
			isa = XCBuildConfiguration;
			buildSettings = {
				ASSETCATALOG_COMPILER_APPICON_NAME = AppIcon;
				ASSETCATALOG_COMPILER_GLOBAL_ACCENT_COLOR_NAME = AccentColor;
				CODE_SIGN_STYLE = Automatic;
				CURRENT_PROJECT_VERSION = 1;
				DEVELOPMENT_ASSET_PATHS = "\"VBTwatch Watch App/Preview Content\"";
				DEVELOPMENT_TEAM = H84MQLLKK7;
				ENABLE_PREVIEWS = YES;
				GENERATE_INFOPLIST_FILE = YES;
				INFOPLIST_FILE = "VBTwatch-Watch-App-Info.plist";
				INFOPLIST_KEY_CFBundleDisplayName = VBTwatch;
				INFOPLIST_KEY_UISupportedInterfaceOrientations = "UIInterfaceOrientationPortrait UIInterfaceOrientationPortraitUpsideDown";
				INFOPLIST_KEY_WKCompanionAppBundleIdentifier = jp.noobs.VBTwatch;
				LD_RUNPATH_SEARCH_PATHS = (
					"$(inherited)",
					"@executable_path/Frameworks",
				);
				MARKETING_VERSION = 1.0;
				PRODUCT_BUNDLE_IDENTIFIER = jp.noobs.VBTwatch.watchkitapp;
				PRODUCT_NAME = "$(TARGET_NAME)";
				SDKROOT = watchos;
				SKIP_INSTALL = YES;
				SWIFT_EMIT_LOC_STRINGS = YES;
				SWIFT_VERSION = 5.0;
				TARGETED_DEVICE_FAMILY = 4;
				VALIDATE_PRODUCT = YES;
				WATCHOS_DEPLOYMENT_TARGET = 8.7;
			};
			name = Release;
		};
		63204DAA29B2CAA600D60018 /* Debug */ = {
			isa = XCBuildConfiguration;
			buildSettings = {
				ALWAYS_EMBED_SWIFT_STANDARD_LIBRARIES = YES;
				ASSETCATALOG_COMPILER_APPICON_NAME = AppIcon;
				ASSETCATALOG_COMPILER_GLOBAL_ACCENT_COLOR_NAME = AccentColor;
				CODE_SIGN_STYLE = Automatic;
				CURRENT_PROJECT_VERSION = 1;
				DEVELOPMENT_ASSET_PATHS = "\"VBTwatch/Preview Content\"";
				DEVELOPMENT_TEAM = H84MQLLKK7;
				ENABLE_PREVIEWS = YES;
				GENERATE_INFOPLIST_FILE = YES;
				INFOPLIST_KEY_CFBundleDisplayName = VBTwatch;
				INFOPLIST_KEY_UIApplicationSceneManifest_Generation = YES;
				INFOPLIST_KEY_UIApplicationSupportsIndirectInputEvents = YES;
				INFOPLIST_KEY_UILaunchScreen_Generation = YES;
				INFOPLIST_KEY_UISupportedInterfaceOrientations_iPad = "UIInterfaceOrientationPortrait UIInterfaceOrientationPortraitUpsideDown UIInterfaceOrientationLandscapeLeft UIInterfaceOrientationLandscapeRight";
				INFOPLIST_KEY_UISupportedInterfaceOrientations_iPhone = "UIInterfaceOrientationPortrait UIInterfaceOrientationLandscapeLeft UIInterfaceOrientationLandscapeRight";
				IPHONEOS_DEPLOYMENT_TARGET = 16.2;
				LD_RUNPATH_SEARCH_PATHS = (
					"$(inherited)",
					"@executable_path/Frameworks",
				);
				MARKETING_VERSION = 1.0;
				PRODUCT_BUNDLE_IDENTIFIER = jp.noobs.VBTwatch;
				PRODUCT_NAME = "$(TARGET_NAME)";
				SDKROOT = iphoneos;
				SWIFT_EMIT_LOC_STRINGS = YES;
				SWIFT_VERSION = 5.0;
				TARGETED_DEVICE_FAMILY = "1,2";
			};
			name = Debug;
		};
		63204DAB29B2CAA600D60018 /* Release */ = {
			isa = XCBuildConfiguration;
			buildSettings = {
				ALWAYS_EMBED_SWIFT_STANDARD_LIBRARIES = YES;
				ASSETCATALOG_COMPILER_APPICON_NAME = AppIcon;
				ASSETCATALOG_COMPILER_GLOBAL_ACCENT_COLOR_NAME = AccentColor;
				CODE_SIGN_STYLE = Automatic;
				CURRENT_PROJECT_VERSION = 1;
				DEVELOPMENT_ASSET_PATHS = "\"VBTwatch/Preview Content\"";
				DEVELOPMENT_TEAM = H84MQLLKK7;
				ENABLE_PREVIEWS = YES;
				GENERATE_INFOPLIST_FILE = YES;
				INFOPLIST_KEY_CFBundleDisplayName = VBTwatch;
				INFOPLIST_KEY_UIApplicationSceneManifest_Generation = YES;
				INFOPLIST_KEY_UIApplicationSupportsIndirectInputEvents = YES;
				INFOPLIST_KEY_UILaunchScreen_Generation = YES;
				INFOPLIST_KEY_UISupportedInterfaceOrientations_iPad = "UIInterfaceOrientationPortrait UIInterfaceOrientationPortraitUpsideDown UIInterfaceOrientationLandscapeLeft UIInterfaceOrientationLandscapeRight";
				INFOPLIST_KEY_UISupportedInterfaceOrientations_iPhone = "UIInterfaceOrientationPortrait UIInterfaceOrientationLandscapeLeft UIInterfaceOrientationLandscapeRight";
				IPHONEOS_DEPLOYMENT_TARGET = 16.2;
				LD_RUNPATH_SEARCH_PATHS = (
					"$(inherited)",
					"@executable_path/Frameworks",
				);
				MARKETING_VERSION = 1.0;
				PRODUCT_BUNDLE_IDENTIFIER = jp.noobs.VBTwatch;
				PRODUCT_NAME = "$(TARGET_NAME)";
				SDKROOT = iphoneos;
				SWIFT_EMIT_LOC_STRINGS = YES;
				SWIFT_VERSION = 5.0;
				TARGETED_DEVICE_FAMILY = "1,2";
				VALIDATE_PRODUCT = YES;
			};
			name = Release;
		};
/* End XCBuildConfiguration section */

/* Begin XCConfigurationList section */
		63204D8029B2CAA500D60018 /* Build configuration list for PBXProject "VBTwatch" */ = {
			isa = XCConfigurationList;
			buildConfigurations = (
				63204DA329B2CAA600D60018 /* Debug */,
				63204DA429B2CAA600D60018 /* Release */,
			);
			defaultConfigurationIsVisible = 0;
			defaultConfigurationName = Release;
		};
		63204DA529B2CAA600D60018 /* Build configuration list for PBXNativeTarget "VBTwatch Watch App" */ = {
			isa = XCConfigurationList;
			buildConfigurations = (
				63204DA629B2CAA600D60018 /* Debug */,
				63204DA729B2CAA600D60018 /* Release */,
			);
			defaultConfigurationIsVisible = 0;
			defaultConfigurationName = Release;
		};
		63204DA929B2CAA600D60018 /* Build configuration list for PBXNativeTarget "VBTwatch" */ = {
			isa = XCConfigurationList;
			buildConfigurations = (
				63204DAA29B2CAA600D60018 /* Debug */,
				63204DAB29B2CAA600D60018 /* Release */,
			);
			defaultConfigurationIsVisible = 0;
			defaultConfigurationName = Release;
		};
/* End XCConfigurationList section */
	};
	rootObject = 63204D7D29B2CAA500D60018 /* Project object */;
}
